
Microsoft Visual Studio Solution File, Format Version 12.00
# Visual Studio 15
VisualStudioVersion = 15.0.27130.0
MinimumVisualStudioVersion = 10.0.40219.1
Project("{FAE04EC0-301F-11D3-BF4B-00C04F79EFBC}") = "DemoPrismForms", "DemoPrismForms\DemoPrismForms\DemoPrismForms.csproj", "{824FDE60-C693-4F52-99A5-863A4B9DC215}"
EndProject
Project("{FAE04EC0-301F-11D3-BF4B-00C04F79EFBC}") = "DemoPrismForms.Android", "DemoPrismForms\DemoPrismForms.Android\DemoPrismForms.Android.csproj", "{D98B6E2A-1F33-4207-B58E-80B888787117}"
EndProject
Project("{FAE04EC0-301F-11D3-BF4B-00C04F79EFBC}") = "DemoPrismForms.iOS", "DemoPrismForms\DemoPrismForms.iOS\DemoPrismForms.iOS.csproj", "{2815BAFD-AA2A-4384-A8B4-D894D00559B8}"
EndProject
Project("{FAE04EC0-301F-11D3-BF4B-00C04F79EFBC}") = "DemoPrismForms.UWP", "DemoPrismForms\DemoPrismForms.UWP\DemoPrismForms.UWP.csproj", "{FB9F5791-729B-4BD2-9DCD-48EFF8CAB981}"
EndProject
Global
	GlobalSection(SolutionConfigurationPlatforms) = preSolution
		Ad-Hoc|Any CPU = Ad-Hoc|Any CPU
		Ad-Hoc|ARM = Ad-Hoc|ARM
		Ad-Hoc|iPhone = Ad-Hoc|iPhone
		Ad-Hoc|iPhoneSimulator = Ad-Hoc|iPhoneSimulator
		Ad-Hoc|x64 = Ad-Hoc|x64
		Ad-Hoc|x86 = Ad-Hoc|x86
		AppStore|Any CPU = AppStore|Any CPU
		AppStore|ARM = AppStore|ARM
		AppStore|iPhone = AppStore|iPhone
		AppStore|iPhoneSimulator = AppStore|iPhoneSimulator
		AppStore|x64 = AppStore|x64
		AppStore|x86 = AppStore|x86
		Debug|Any CPU = Debug|Any CPU
		Debug|ARM = Debug|ARM
		Debug|iPhone = Debug|iPhone
		Debug|iPhoneSimulator = Debug|iPhoneSimulator
		Debug|x64 = Debug|x64
		Debug|x86 = Debug|x86
		Release|Any CPU = Release|Any CPU
		Release|ARM = Release|ARM
		Release|iPhone = Release|iPhone
		Release|iPhoneSimulator = Release|iPhoneSimulator
		Release|x64 = Release|x64
		Release|x86 = Release|x86
	EndGlobalSection
	GlobalSection(ProjectConfigurationPlatforms) = postSolution
		{824FDE60-C693-4F52-99A5-863A4B9DC215}.Ad-Hoc|Any CPU.ActiveCfg = Debug|Any CPU
		{824FDE60-C693-4F52-99A5-863A4B9DC215}.Ad-Hoc|Any CPU.Build.0 = Debug|Any CPU
		{824FDE60-C693-4F52-99A5-863A4B9DC215}.Ad-Hoc|ARM.ActiveCfg = Debug|Any CPU
		{824FDE60-C693-4F52-99A5-863A4B9DC215}.Ad-Hoc|ARM.Build.0 = Debug|Any CPU
		{824FDE60-C693-4F52-99A5-863A4B9DC215}.Ad-Hoc|iPhone.ActiveCfg = Debug|Any CPU
		{824FDE60-C693-4F52-99A5-863A4B9DC215}.Ad-Hoc|iPhone.Build.0 = Debug|Any CPU
		{824FDE60-C693-4F52-99A5-863A4B9DC215}.Ad-Hoc|iPhoneSimulator.ActiveCfg = Debug|Any CPU
		{824FDE60-C693-4F52-99A5-863A4B9DC215}.Ad-Hoc|iPhoneSimulator.Build.0 = Debug|Any CPU
		{824FDE60-C693-4F52-99A5-863A4B9DC215}.Ad-Hoc|x64.ActiveCfg = Debug|Any CPU
		{824FDE60-C693-4F52-99A5-863A4B9DC215}.Ad-Hoc|x64.Build.0 = Debug|Any CPU
		{824FDE60-C693-4F52-99A5-863A4B9DC215}.Ad-Hoc|x86.ActiveCfg = Debug|Any CPU
		{824FDE60-C693-4F52-99A5-863A4B9DC215}.Ad-Hoc|x86.Build.0 = Debug|Any CPU
		{824FDE60-C693-4F52-99A5-863A4B9DC215}.AppStore|Any CPU.ActiveCfg = Debug|Any CPU
		{824FDE60-C693-4F52-99A5-863A4B9DC215}.AppStore|Any CPU.Build.0 = Debug|Any CPU
		{824FDE60-C693-4F52-99A5-863A4B9DC215}.AppStore|ARM.ActiveCfg = Debug|Any CPU
		{824FDE60-C693-4F52-99A5-863A4B9DC215}.AppStore|ARM.Build.0 = Debug|Any CPU
		{824FDE60-C693-4F52-99A5-863A4B9DC215}.AppStore|iPhone.ActiveCfg = Debug|Any CPU
		{824FDE60-C693-4F52-99A5-863A4B9DC215}.AppStore|iPhone.Build.0 = Debug|Any CPU
		{824FDE60-C693-4F52-99A5-863A4B9DC215}.AppStore|iPhoneSimulator.ActiveCfg = Debug|Any CPU
		{824FDE60-C693-4F52-99A5-863A4B9DC215}.AppStore|iPhoneSimulator.Build.0 = Debug|Any CPU
		{824FDE60-C693-4F52-99A5-863A4B9DC215}.AppStore|x64.ActiveCfg = Debug|Any CPU
		{824FDE60-C693-4F52-99A5-863A4B9DC215}.AppStore|x64.Build.0 = Debug|Any CPU
		{824FDE60-C693-4F52-99A5-863A4B9DC215}.AppStore|x86.ActiveCfg = Debug|Any CPU
		{824FDE60-C693-4F52-99A5-863A4B9DC215}.AppStore|x86.Build.0 = Debug|Any CPU
		{824FDE60-C693-4F52-99A5-863A4B9DC215}.Debug|Any CPU.ActiveCfg = Debug|Any CPU
		{824FDE60-C693-4F52-99A5-863A4B9DC215}.Debug|Any CPU.Build.0 = Debug|Any CPU
		{824FDE60-C693-4F52-99A5-863A4B9DC215}.Debug|ARM.ActiveCfg = Debug|Any CPU
		{824FDE60-C693-4F52-99A5-863A4B9DC215}.Debug|ARM.Build.0 = Debug|Any CPU
		{824FDE60-C693-4F52-99A5-863A4B9DC215}.Debug|iPhone.ActiveCfg = Debug|Any CPU
		{824FDE60-C693-4F52-99A5-863A4B9DC215}.Debug|iPhone.Build.0 = Debug|Any CPU
		{824FDE60-C693-4F52-99A5-863A4B9DC215}.Debug|iPhoneSimulator.ActiveCfg = Debug|Any CPU
		{824FDE60-C693-4F52-99A5-863A4B9DC215}.Debug|iPhoneSimulator.Build.0 = Debug|Any CPU
		{824FDE60-C693-4F52-99A5-863A4B9DC215}.Debug|x64.ActiveCfg = Debug|Any CPU
		{824FDE60-C693-4F52-99A5-863A4B9DC215}.Debug|x64.Build.0 = Debug|Any CPU
		{824FDE60-C693-4F52-99A5-863A4B9DC215}.Debug|x86.ActiveCfg = Debug|Any CPU
		{824FDE60-C693-4F52-99A5-863A4B9DC215}.Debug|x86.Build.0 = Debug|Any CPU
		{824FDE60-C693-4F52-99A5-863A4B9DC215}.Release|Any CPU.ActiveCfg = Release|Any CPU
		{824FDE60-C693-4F52-99A5-863A4B9DC215}.Release|Any CPU.Build.0 = Release|Any CPU
		{824FDE60-C693-4F52-99A5-863A4B9DC215}.Release|ARM.ActiveCfg = Release|Any CPU
		{824FDE60-C693-4F52-99A5-863A4B9DC215}.Release|ARM.Build.0 = Release|Any CPU
		{824FDE60-C693-4F52-99A5-863A4B9DC215}.Release|iPhone.ActiveCfg = Release|Any CPU
		{824FDE60-C693-4F52-99A5-863A4B9DC215}.Release|iPhone.Build.0 = Release|Any CPU
		{824FDE60-C693-4F52-99A5-863A4B9DC215}.Release|iPhoneSimulator.ActiveCfg = Release|Any CPU
		{824FDE60-C693-4F52-99A5-863A4B9DC215}.Release|iPhoneSimulator.Build.0 = Release|Any CPU
		{824FDE60-C693-4F52-99A5-863A4B9DC215}.Release|x64.ActiveCfg = Release|Any CPU
		{824FDE60-C693-4F52-99A5-863A4B9DC215}.Release|x64.Build.0 = Release|Any CPU
		{824FDE60-C693-4F52-99A5-863A4B9DC215}.Release|x86.ActiveCfg = Release|Any CPU
		{824FDE60-C693-4F52-99A5-863A4B9DC215}.Release|x86.Build.0 = Release|Any CPU
		{D98B6E2A-1F33-4207-B58E-80B888787117}.Ad-Hoc|Any CPU.ActiveCfg = Release|Any CPU
		{D98B6E2A-1F33-4207-B58E-80B888787117}.Ad-Hoc|Any CPU.Build.0 = Release|Any CPU
		{D98B6E2A-1F33-4207-B58E-80B888787117}.Ad-Hoc|Any CPU.Deploy.0 = Release|Any CPU
		{D98B6E2A-1F33-4207-B58E-80B888787117}.Ad-Hoc|ARM.ActiveCfg = Release|Any CPU
		{D98B6E2A-1F33-4207-B58E-80B888787117}.Ad-Hoc|ARM.Build.0 = Release|Any CPU
		{D98B6E2A-1F33-4207-B58E-80B888787117}.Ad-Hoc|ARM.Deploy.0 = Release|Any CPU
		{D98B6E2A-1F33-4207-B58E-80B888787117}.Ad-Hoc|iPhone.ActiveCfg = Release|Any CPU
		{D98B6E2A-1F33-4207-B58E-80B888787117}.Ad-Hoc|iPhone.Build.0 = Release|Any CPU
		{D98B6E2A-1F33-4207-B58E-80B888787117}.Ad-Hoc|iPhone.Deploy.0 = Release|Any CPU
		{D98B6E2A-1F33-4207-B58E-80B888787117}.Ad-Hoc|iPhoneSimulator.ActiveCfg = Release|Any CPU
		{D98B6E2A-1F33-4207-B58E-80B888787117}.Ad-Hoc|iPhoneSimulator.Build.0 = Release|Any CPU
		{D98B6E2A-1F33-4207-B58E-80B888787117}.Ad-Hoc|iPhoneSimulator.Deploy.0 = Release|Any CPU
		{D98B6E2A-1F33-4207-B58E-80B888787117}.Ad-Hoc|x64.ActiveCfg = Release|Any CPU
		{D98B6E2A-1F33-4207-B58E-80B888787117}.Ad-Hoc|x64.Build.0 = Release|Any CPU
		{D98B6E2A-1F33-4207-B58E-80B888787117}.Ad-Hoc|x64.Deploy.0 = Release|Any CPU
		{D98B6E2A-1F33-4207-B58E-80B888787117}.Ad-Hoc|x86.ActiveCfg = Release|Any CPU
		{D98B6E2A-1F33-4207-B58E-80B888787117}.Ad-Hoc|x86.Build.0 = Release|Any CPU
		{D98B6E2A-1F33-4207-B58E-80B888787117}.Ad-Hoc|x86.Deploy.0 = Release|Any CPU
		{D98B6E2A-1F33-4207-B58E-80B888787117}.AppStore|Any CPU.ActiveCfg = Release|Any CPU
		{D98B6E2A-1F33-4207-B58E-80B888787117}.AppStore|Any CPU.Build.0 = Release|Any CPU
		{D98B6E2A-1F33-4207-B58E-80B888787117}.AppStore|Any CPU.Deploy.0 = Release|Any CPU
		{D98B6E2A-1F33-4207-B58E-80B888787117}.AppStore|ARM.ActiveCfg = Release|Any CPU
		{D98B6E2A-1F33-4207-B58E-80B888787117}.AppStore|ARM.Build.0 = Release|Any CPU
		{D98B6E2A-1F33-4207-B58E-80B888787117}.AppStore|ARM.Deploy.0 = Release|Any CPU
		{D98B6E2A-1F33-4207-B58E-80B888787117}.AppStore|iPhone.ActiveCfg = Release|Any CPU
		{D98B6E2A-1F33-4207-B58E-80B888787117}.AppStore|iPhone.Build.0 = Release|Any CPU
		{D98B6E2A-1F33-4207-B58E-80B888787117}.AppStore|iPhone.Deploy.0 = Release|Any CPU
		{D98B6E2A-1F33-4207-B58E-80B888787117}.AppStore|iPhoneSimulator.ActiveCfg = Release|Any CPU
		{D98B6E2A-1F33-4207-B58E-80B888787117}.AppStore|iPhoneSimulator.Build.0 = Release|Any CPU
		{D98B6E2A-1F33-4207-B58E-80B888787117}.AppStore|iPhoneSimulator.Deploy.0 = Release|Any CPU
		{D98B6E2A-1F33-4207-B58E-80B888787117}.AppStore|x64.ActiveCfg = Release|Any CPU
		{D98B6E2A-1F33-4207-B58E-80B888787117}.AppStore|x64.Build.0 = Release|Any CPU
		{D98B6E2A-1F33-4207-B58E-80B888787117}.AppStore|x64.Deploy.0 = Release|Any CPU
		{D98B6E2A-1F33-4207-B58E-80B888787117}.AppStore|x86.ActiveCfg = Release|Any CPU
		{D98B6E2A-1F33-4207-B58E-80B888787117}.AppStore|x86.Build.0 = Release|Any CPU
		{D98B6E2A-1F33-4207-B58E-80B888787117}.AppStore|x86.Deploy.0 = Release|Any CPU
		{D98B6E2A-1F33-4207-B58E-80B888787117}.Debug|Any CPU.ActiveCfg = Debug|Any CPU
		{D98B6E2A-1F33-4207-B58E-80B888787117}.Debug|Any CPU.Build.0 = Debug|Any CPU
		{D98B6E2A-1F33-4207-B58E-80B888787117}.Debug|Any CPU.Deploy.0 = Debug|Any CPU
		{D98B6E2A-1F33-4207-B58E-80B888787117}.Debug|ARM.ActiveCfg = Debug|Any CPU
		{D98B6E2A-1F33-4207-B58E-80B888787117}.Debug|ARM.Build.0 = Debug|Any CPU
		{D98B6E2A-1F33-4207-B58E-80B888787117}.Debug|ARM.Deploy.0 = Debug|Any CPU
		{D98B6E2A-1F33-4207-B58E-80B888787117}.Debug|iPhone.ActiveCfg = Debug|Any CPU
		{D98B6E2A-1F33-4207-B58E-80B888787117}.Debug|iPhone.Build.0 = Debug|Any CPU
		{D98B6E2A-1F33-4207-B58E-80B888787117}.Debug|iPhone.Deploy.0 = Debug|Any CPU
		{D98B6E2A-1F33-4207-B58E-80B888787117}.Debug|iPhoneSimulator.ActiveCfg = Debug|Any CPU
		{D98B6E2A-1F33-4207-B58E-80B888787117}.Debug|iPhoneSimulator.Build.0 = Debug|Any CPU
		{D98B6E2A-1F33-4207-B58E-80B888787117}.Debug|iPhoneSimulator.Deploy.0 = Debug|Any CPU
		{D98B6E2A-1F33-4207-B58E-80B888787117}.Debug|x64.ActiveCfg = Debug|Any CPU
		{D98B6E2A-1F33-4207-B58E-80B888787117}.Debug|x64.Build.0 = Debug|Any CPU
		{D98B6E2A-1F33-4207-B58E-80B888787117}.Debug|x64.Deploy.0 = Debug|Any CPU
		{D98B6E2A-1F33-4207-B58E-80B888787117}.Debug|x86.ActiveCfg = Debug|Any CPU
		{D98B6E2A-1F33-4207-B58E-80B888787117}.Debug|x86.Build.0 = Debug|Any CPU
		{D98B6E2A-1F33-4207-B58E-80B888787117}.Debug|x86.Deploy.0 = Debug|Any CPU
		{D98B6E2A-1F33-4207-B58E-80B888787117}.Release|Any CPU.ActiveCfg = Release|Any CPU
		{D98B6E2A-1F33-4207-B58E-80B888787117}.Release|Any CPU.Build.0 = Release|Any CPU
		{D98B6E2A-1F33-4207-B58E-80B888787117}.Release|Any CPU.Deploy.0 = Release|Any CPU
		{D98B6E2A-1F33-4207-B58E-80B888787117}.Release|ARM.ActiveCfg = Release|Any CPU
		{D98B6E2A-1F33-4207-B58E-80B888787117}.Release|ARM.Build.0 = Release|Any CPU
		{D98B6E2A-1F33-4207-B58E-80B888787117}.Release|ARM.Deploy.0 = Release|Any CPU
		{D98B6E2A-1F33-4207-B58E-80B888787117}.Release|iPhone.ActiveCfg = Release|Any CPU
		{D98B6E2A-1F33-4207-B58E-80B888787117}.Release|iPhone.Build.0 = Release|Any CPU
		{D98B6E2A-1F33-4207-B58E-80B888787117}.Release|iPhone.Deploy.0 = Release|Any CPU
		{D98B6E2A-1F33-4207-B58E-80B888787117}.Release|iPhoneSimulator.ActiveCfg = Release|Any CPU
		{D98B6E2A-1F33-4207-B58E-80B888787117}.Release|iPhoneSimulator.Build.0 = Release|Any CPU
		{D98B6E2A-1F33-4207-B58E-80B888787117}.Release|iPhoneSimulator.Deploy.0 = Release|Any CPU
		{D98B6E2A-1F33-4207-B58E-80B888787117}.Release|x64.ActiveCfg = Release|Any CPU
		{D98B6E2A-1F33-4207-B58E-80B888787117}.Release|x64.Build.0 = Release|Any CPU
		{D98B6E2A-1F33-4207-B58E-80B888787117}.Release|x64.Deploy.0 = Release|Any CPU
		{D98B6E2A-1F33-4207-B58E-80B888787117}.Release|x86.ActiveCfg = Release|Any CPU
		{D98B6E2A-1F33-4207-B58E-80B888787117}.Release|x86.Build.0 = Release|Any CPU
		{D98B6E2A-1F33-4207-B58E-80B888787117}.Release|x86.Deploy.0 = Release|Any CPU
		{2815BAFD-AA2A-4384-A8B4-D894D00559B8}.Ad-Hoc|Any CPU.ActiveCfg = Ad-Hoc|iPhone
		{2815BAFD-AA2A-4384-A8B4-D894D00559B8}.Ad-Hoc|ARM.ActiveCfg = Ad-Hoc|iPhone
		{2815BAFD-AA2A-4384-A8B4-D894D00559B8}.Ad-Hoc|iPhone.ActiveCfg = Ad-Hoc|iPhone
		{2815BAFD-AA2A-4384-A8B4-D894D00559B8}.Ad-Hoc|iPhone.Build.0 = Ad-Hoc|iPhone
		{2815BAFD-AA2A-4384-A8B4-D894D00559B8}.Ad-Hoc|iPhoneSimulator.ActiveCfg = Ad-Hoc|iPhoneSimulator
		{2815BAFD-AA2A-4384-A8B4-D894D00559B8}.Ad-Hoc|iPhoneSimulator.Build.0 = Ad-Hoc|iPhoneSimulator
		{2815BAFD-AA2A-4384-A8B4-D894D00559B8}.Ad-Hoc|x64.ActiveCfg = Ad-Hoc|iPhone
		{2815BAFD-AA2A-4384-A8B4-D894D00559B8}.Ad-Hoc|x86.ActiveCfg = Ad-Hoc|iPhone
		{2815BAFD-AA2A-4384-A8B4-D894D00559B8}.AppStore|Any CPU.ActiveCfg = AppStore|iPhone
		{2815BAFD-AA2A-4384-A8B4-D894D00559B8}.AppStore|ARM.ActiveCfg = AppStore|iPhone
		{2815BAFD-AA2A-4384-A8B4-D894D00559B8}.AppStore|iPhone.ActiveCfg = AppStore|iPhone
		{2815BAFD-AA2A-4384-A8B4-D894D00559B8}.AppStore|iPhone.Build.0 = AppStore|iPhone
		{2815BAFD-AA2A-4384-A8B4-D894D00559B8}.AppStore|iPhoneSimulator.ActiveCfg = AppStore|iPhoneSimulator
		{2815BAFD-AA2A-4384-A8B4-D894D00559B8}.AppStore|iPhoneSimulator.Build.0 = AppStore|iPhoneSimulator
		{2815BAFD-AA2A-4384-A8B4-D894D00559B8}.AppStore|x64.ActiveCfg = AppStore|iPhone
		{2815BAFD-AA2A-4384-A8B4-D894D00559B8}.AppStore|x86.ActiveCfg = AppStore|iPhone
		{2815BAFD-AA2A-4384-A8B4-D894D00559B8}.Debug|Any CPU.ActiveCfg = Debug|iPhone
		{2815BAFD-AA2A-4384-A8B4-D894D00559B8}.Debug|ARM.ActiveCfg = Debug|iPhone
		{2815BAFD-AA2A-4384-A8B4-D894D00559B8}.Debug|iPhone.ActiveCfg = Debug|iPhone
		{2815BAFD-AA2A-4384-A8B4-D894D00559B8}.Debug|iPhone.Build.0 = Debug|iPhone
		{2815BAFD-AA2A-4384-A8B4-D894D00559B8}.Debug|iPhoneSimulator.ActiveCfg = Debug|iPhoneSimulator
		{2815BAFD-AA2A-4384-A8B4-D894D00559B8}.Debug|iPhoneSimulator.Build.0 = Debug|iPhoneSimulator
		{2815BAFD-AA2A-4384-A8B4-D894D00559B8}.Debug|x64.ActiveCfg = Debug|iPhone
		{2815BAFD-AA2A-4384-A8B4-D894D00559B8}.Debug|x86.ActiveCfg = Debug|iPhone
		{2815BAFD-AA2A-4384-A8B4-D894D00559B8}.Release|Any CPU.ActiveCfg = Release|iPhone
		{2815BAFD-AA2A-4384-A8B4-D894D00559B8}.Release|ARM.ActiveCfg = Release|iPhone
		{2815BAFD-AA2A-4384-A8B4-D894D00559B8}.Release|iPhone.ActiveCfg = Release|iPhone
		{2815BAFD-AA2A-4384-A8B4-D894D00559B8}.Release|iPhone.Build.0 = Release|iPhone
		{2815BAFD-AA2A-4384-A8B4-D894D00559B8}.Release|iPhoneSimulator.ActiveCfg = Release|iPhoneSimulator
		{2815BAFD-AA2A-4384-A8B4-D894D00559B8}.Release|iPhoneSimulator.Build.0 = Release|iPhoneSimulator
		{2815BAFD-AA2A-4384-A8B4-D894D00559B8}.Release|x64.ActiveCfg = Release|iPhone
		{2815BAFD-AA2A-4384-A8B4-D894D00559B8}.Release|x86.ActiveCfg = Release|iPhone
		{FB9F5791-729B-4BD2-9DCD-48EFF8CAB981}.Ad-Hoc|Any CPU.ActiveCfg = Release|x86
		{FB9F5791-729B-4BD2-9DCD-48EFF8CAB981}.Ad-Hoc|Any CPU.Build.0 = Release|x86
		{FB9F5791-729B-4BD2-9DCD-48EFF8CAB981}.Ad-Hoc|Any CPU.Deploy.0 = Release|x86
		{FB9F5791-729B-4BD2-9DCD-48EFF8CAB981}.Ad-Hoc|ARM.ActiveCfg = Release|ARM
		{FB9F5791-729B-4BD2-9DCD-48EFF8CAB981}.Ad-Hoc|ARM.Build.0 = Release|ARM
		{FB9F5791-729B-4BD2-9DCD-48EFF8CAB981}.Ad-Hoc|ARM.Deploy.0 = Release|ARM
		{FB9F5791-729B-4BD2-9DCD-48EFF8CAB981}.Ad-Hoc|iPhone.ActiveCfg = Release|x86
		{FB9F5791-729B-4BD2-9DCD-48EFF8CAB981}.Ad-Hoc|iPhone.Build.0 = Release|x86
		{FB9F5791-729B-4BD2-9DCD-48EFF8CAB981}.Ad-Hoc|iPhone.Deploy.0 = Release|x86
		{FB9F5791-729B-4BD2-9DCD-48EFF8CAB981}.Ad-Hoc|iPhoneSimulator.ActiveCfg = Release|x86
		{FB9F5791-729B-4BD2-9DCD-48EFF8CAB981}.Ad-Hoc|iPhoneSimulator.Build.0 = Release|x86
		{FB9F5791-729B-4BD2-9DCD-48EFF8CAB981}.Ad-Hoc|iPhoneSimulator.Deploy.0 = Release|x86
		{FB9F5791-729B-4BD2-9DCD-48EFF8CAB981}.Ad-Hoc|x64.ActiveCfg = Release|x64
		{FB9F5791-729B-4BD2-9DCD-48EFF8CAB981}.Ad-Hoc|x64.Build.0 = Release|x64
		{FB9F5791-729B-4BD2-9DCD-48EFF8CAB981}.Ad-Hoc|x64.Deploy.0 = Release|x64
		{FB9F5791-729B-4BD2-9DCD-48EFF8CAB981}.Ad-Hoc|x86.ActiveCfg = Release|x86
		{FB9F5791-729B-4BD2-9DCD-48EFF8CAB981}.Ad-Hoc|x86.Build.0 = Release|x86
		{FB9F5791-729B-4BD2-9DCD-48EFF8CAB981}.Ad-Hoc|x86.Deploy.0 = Release|x86
		{FB9F5791-729B-4BD2-9DCD-48EFF8CAB981}.AppStore|Any CPU.ActiveCfg = Release|x86
		{FB9F5791-729B-4BD2-9DCD-48EFF8CAB981}.AppStore|Any CPU.Build.0 = Release|x86
		{FB9F5791-729B-4BD2-9DCD-48EFF8CAB981}.AppStore|Any CPU.Deploy.0 = Release|x86
		{FB9F5791-729B-4BD2-9DCD-48EFF8CAB981}.AppStore|ARM.ActiveCfg = Release|ARM
		{FB9F5791-729B-4BD2-9DCD-48EFF8CAB981}.AppStore|ARM.Build.0 = Release|ARM
		{FB9F5791-729B-4BD2-9DCD-48EFF8CAB981}.AppStore|ARM.Deploy.0 = Release|ARM
		{FB9F5791-729B-4BD2-9DCD-48EFF8CAB981}.AppStore|iPhone.ActiveCfg = Release|x86
		{FB9F5791-729B-4BD2-9DCD-48EFF8CAB981}.AppStore|iPhone.Build.0 = Release|x86
		{FB9F5791-729B-4BD2-9DCD-48EFF8CAB981}.AppStore|iPhone.Deploy.0 = Release|x86
		{FB9F5791-729B-4BD2-9DCD-48EFF8CAB981}.AppStore|iPhoneSimulator.ActiveCfg = Release|x86
		{FB9F5791-729B-4BD2-9DCD-48EFF8CAB981}.AppStore|iPhoneSimulator.Build.0 = Release|x86
		{FB9F5791-729B-4BD2-9DCD-48EFF8CAB981}.AppStore|iPhoneSimulator.Deploy.0 = Release|x86
		{FB9F5791-729B-4BD2-9DCD-48EFF8CAB981}.AppStore|x64.ActiveCfg = Release|x64
		{FB9F5791-729B-4BD2-9DCD-48EFF8CAB981}.AppStore|x64.Build.0 = Release|x64
		{FB9F5791-729B-4BD2-9DCD-48EFF8CAB981}.AppStore|x64.Deploy.0 = Release|x64
		{FB9F5791-729B-4BD2-9DCD-48EFF8CAB981}.AppStore|x86.ActiveCfg = Release|x86
		{FB9F5791-729B-4BD2-9DCD-48EFF8CAB981}.AppStore|x86.Build.0 = Release|x86
		{FB9F5791-729B-4BD2-9DCD-48EFF8CAB981}.AppStore|x86.Deploy.0 = Release|x86
		{FB9F5791-729B-4BD2-9DCD-48EFF8CAB981}.Debug|Any CPU.ActiveCfg = Debug|x86
		{FB9F5791-729B-4BD2-9DCD-48EFF8CAB981}.Debug|ARM.ActiveCfg = Debug|ARM
		{FB9F5791-729B-4BD2-9DCD-48EFF8CAB981}.Debug|ARM.Build.0 = Debug|ARM
		{FB9F5791-729B-4BD2-9DCD-48EFF8CAB981}.Debug|ARM.Deploy.0 = Debug|ARM
		{FB9F5791-729B-4BD2-9DCD-48EFF8CAB981}.Debug|iPhone.ActiveCfg = Debug|x86
		{FB9F5791-729B-4BD2-9DCD-48EFF8CAB981}.Debug|iPhoneSimulator.ActiveCfg = Debug|x86
		{FB9F5791-729B-4BD2-9DCD-48EFF8CAB981}.Debug|x64.ActiveCfg = Debug|x64
		{FB9F5791-729B-4BD2-9DCD-48EFF8CAB981}.Debug|x64.Build.0 = Debug|x64
		{FB9F5791-729B-4BD2-9DCD-48EFF8CAB981}.Debug|x64.Deploy.0 = Debug|x64
		{FB9F5791-729B-4BD2-9DCD-48EFF8CAB981}.Debug|x86.ActiveCfg = Debug|x86
		{FB9F5791-729B-4BD2-9DCD-48EFF8CAB981}.Debug|x86.Build.0 = Debug|x86
		{FB9F5791-729B-4BD2-9DCD-48EFF8CAB981}.Debug|x86.Deploy.0 = Debug|x86
		{FB9F5791-729B-4BD2-9DCD-48EFF8CAB981}.Release|Any CPU.ActiveCfg = Release|x86
		{FB9F5791-729B-4BD2-9DCD-48EFF8CAB981}.Release|ARM.ActiveCfg = Release|ARM
		{FB9F5791-729B-4BD2-9DCD-48EFF8CAB981}.Release|ARM.Build.0 = Release|ARM
		{FB9F5791-729B-4BD2-9DCD-48EFF8CAB981}.Release|ARM.Deploy.0 = Release|ARM
		{FB9F5791-729B-4BD2-9DCD-48EFF8CAB981}.Release|iPhone.ActiveCfg = Release|x86
		{FB9F5791-729B-4BD2-9DCD-48EFF8CAB981}.Release|iPhoneSimulator.ActiveCfg = Release|x86
		{FB9F5791-729B-4BD2-9DCD-48EFF8CAB981}.Release|x64.ActiveCfg = Release|x64
		{FB9F5791-729B-4BD2-9DCD-48EFF8CAB981}.Release|x64.Build.0 = Release|x64
		{FB9F5791-729B-4BD2-9DCD-48EFF8CAB981}.Release|x64.Deploy.0 = Release|x64
		{FB9F5791-729B-4BD2-9DCD-48EFF8CAB981}.Release|x86.ActiveCfg = Release|x86
		{FB9F5791-729B-4BD2-9DCD-48EFF8CAB981}.Release|x86.Build.0 = Release|x86
		{FB9F5791-729B-4BD2-9DCD-48EFF8CAB981}.Release|x86.Deploy.0 = Release|x86
	EndGlobalSection
	GlobalSection(SolutionProperties) = preSolution
		HideSolutionNode = FALSE
	EndGlobalSection
	GlobalSection(ExtensibilityGlobals) = postSolution
		SolutionGuid = {0DFC0487-BA1F-47EA-99CA-A6F90A766988}
	EndGlobalSection
EndGlobal
